
Microsoft Visual Studio Solution File, Format Version 12.00
# Visual Studio Version 17
VisualStudioVersion = 17.4.33205.214
MinimumVisualStudioVersion = 10.0.40219.1
Project("{FAE04EC0-301F-11D3-BF4B-00C04F79EFBC}") = "EntityDemo", "EntityDemo\EntityDemo.csproj", "{FD3811E2-281E-491C-AC70-4F5828BBF55C}"
EndProject
Global
	GlobalSection(SolutionConfigurationPlatforms) = preSolution
		Debug|Any CPU = Debug|Any CPU
		Release|Any CPU = Release|Any CPU
	EndGlobalSection
	GlobalSection(ProjectConfigurationPlatforms) = postSolution
		{FD3811E2-281E-491C-AC70-4F5828BBF55C}.Debug|Any CPU.ActiveCfg = Debug|Any CPU
		{FD3811E2-281E-491C-AC70-4F5828BBF55C}.Debug|Any CPU.Build.0 = Debug|Any CPU
		{FD3811E2-281E-491C-AC70-4F5828BBF55C}.Release|Any CPU.ActiveCfg = Release|Any CPU
		{FD3811E2-281E-491C-AC70-4F5828BBF55C}.Release|Any CPU.Build.0 = Release|Any CPU
	EndGlobalSection
	GlobalSection(SolutionProperties) = preSolution
		HideSolutionNode = FALSE
	EndGlobalSection
	GlobalSection(ExtensibilityGlobals) = postSolution
		SolutionGuid = {379BE2B8-32A4-4682-ACC5-CF6B8074EBE8}
	EndGlobalSection
EndGlobal
